
Microsoft Visual Studio Solution File, Format Version 12.00
# Visual Studio Version 17
VisualStudioVersion = 17.14.36811.4 d17.14
MinimumVisualStudioVersion = 10.0.40219.1
Project("{FAE04EC0-301F-11D3-BF4B-00C04F79EFBC}") = "myDoubleLinkList", "myDoubleLinkList\myDoubleLinkList.csproj", "{2056F8A3-EA9F-4B03-A201-0D9C54971DCC}"
EndProject
Global
	GlobalSection(SolutionConfigurationPlatforms) = preSolution
		Debug|Any CPU = Debug|Any CPU
		Release|Any CPU = Release|Any CPU
	EndGlobalSection
	GlobalSection(ProjectConfigurationPlatforms) = postSolution
		{2056F8A3-EA9F-4B03-A201-0D9C54971DCC}.Debug|Any CPU.ActiveCfg = Debug|Any CPU
		{2056F8A3-EA9F-4B03-A201-0D9C54971DCC}.Debug|Any CPU.Build.0 = Debug|Any CPU
		{2056F8A3-EA9F-4B03-A201-0D9C54971DCC}.Release|Any CPU.ActiveCfg = Release|Any CPU
		{2056F8A3-EA9F-4B03-A201-0D9C54971DCC}.Release|Any CPU.Build.0 = Release|Any CPU
	EndGlobalSection
	GlobalSection(SolutionProperties) = preSolution
		HideSolutionNode = FALSE
	EndGlobalSection
	GlobalSection(ExtensibilityGlobals) = postSolution
		SolutionGuid = {231DF9F6-5774-4AE0-A8AC-3E3C0242E42A}
	EndGlobalSection
EndGlobal
